
Microsoft Visual Studio Solution File, Format Version 12.00
# Visual Studio Version 17
VisualStudioVersion = 17.4.33403.182
MinimumVisualStudioVersion = 10.0.40219.1
Project("{FAE04EC0-301F-11D3-BF4B-00C04F79EFBC}") = "Solver", "Solver\Solver.csproj", "{FB553D16-09CA-4984-B279-8CBB40CC7FE0}"
EndProject
Project("{FAE04EC0-301F-11D3-BF4B-00C04F79EFBC}") = "Tester", "Tester\Tester.csproj", "{15A94E43-A654-4BFC-AE28-96D2C35384AF}"
EndProject
Global
	GlobalSection(SolutionConfigurationPlatforms) = preSolution
		Debug|Any CPU = Debug|Any CPU
		Release|Any CPU = Release|Any CPU
	EndGlobalSection
	GlobalSection(ProjectConfigurationPlatforms) = postSolution
		{FB553D16-09CA-4984-B279-8CBB40CC7FE0}.Debug|Any CPU.ActiveCfg = Debug|Any CPU
		{FB553D16-09CA-4984-B279-8CBB40CC7FE0}.Debug|Any CPU.Build.0 = Debug|Any CPU
		{FB553D16-09CA-4984-B279-8CBB40CC7FE0}.Release|Any CPU.ActiveCfg = Release|Any CPU
		{FB553D16-09CA-4984-B279-8CBB40CC7FE0}.Release|Any CPU.Build.0 = Release|Any CPU
		{15A94E43-A654-4BFC-AE28-96D2C35384AF}.Debug|Any CPU.ActiveCfg = Debug|Any CPU
		{15A94E43-A654-4BFC-AE28-96D2C35384AF}.Debug|Any CPU.Build.0 = Debug|Any CPU
		{15A94E43-A654-4BFC-AE28-96D2C35384AF}.Release|Any CPU.ActiveCfg = Release|Any CPU
		{15A94E43-A654-4BFC-AE28-96D2C35384AF}.Release|Any CPU.Build.0 = Release|Any CPU
	EndGlobalSection
	GlobalSection(SolutionProperties) = preSolution
		HideSolutionNode = FALSE
	EndGlobalSection
	GlobalSection(ExtensibilityGlobals) = postSolution
		SolutionGuid = {47A00CC2-FCB0-4FB2-B032-031CC88AB584}
	EndGlobalSection
EndGlobal
